
Microsoft Visual Studio Solution File, Format Version 12.00
# Visual Studio Version 17
VisualStudioVersion = 17.11.35327.3
MinimumVisualStudioVersion = 10.0.40219.1
Project("{FAE04EC0-301F-11D3-BF4B-00C04F79EFBC}") = "Application_Radio", "Application_Radio\Application_Radio.csproj", "{0F6A6B2E-6DED-473E-BDDA-72E2C0F5CA15}"
EndProject
Project("{FAE04EC0-301F-11D3-BF4B-00C04F79EFBC}") = "projet_stage", "projet_stage\projet_stage.csproj", "{8E891E75-3EC9-43F2-9762-4895B0C6EEDE}"
EndProject
Global
	GlobalSection(SolutionConfigurationPlatforms) = preSolution
		Debug|Any CPU = Debug|Any CPU
		Release|Any CPU = Release|Any CPU
	EndGlobalSection
	GlobalSection(ProjectConfigurationPlatforms) = postSolution
		{0F6A6B2E-6DED-473E-BDDA-72E2C0F5CA15}.Debug|Any CPU.ActiveCfg = Debug|Any CPU
		{0F6A6B2E-6DED-473E-BDDA-72E2C0F5CA15}.Debug|Any CPU.Build.0 = Debug|Any CPU
		{0F6A6B2E-6DED-473E-BDDA-72E2C0F5CA15}.Release|Any CPU.ActiveCfg = Release|Any CPU
		{0F6A6B2E-6DED-473E-BDDA-72E2C0F5CA15}.Release|Any CPU.Build.0 = Release|Any CPU
		{8E891E75-3EC9-43F2-9762-4895B0C6EEDE}.Debug|Any CPU.ActiveCfg = Debug|Any CPU
		{8E891E75-3EC9-43F2-9762-4895B0C6EEDE}.Debug|Any CPU.Build.0 = Debug|Any CPU
		{8E891E75-3EC9-43F2-9762-4895B0C6EEDE}.Release|Any CPU.ActiveCfg = Release|Any CPU
		{8E891E75-3EC9-43F2-9762-4895B0C6EEDE}.Release|Any CPU.Build.0 = Release|Any CPU
	EndGlobalSection
	GlobalSection(SolutionProperties) = preSolution
		HideSolutionNode = FALSE
	EndGlobalSection
	GlobalSection(ExtensibilityGlobals) = postSolution
		SolutionGuid = {58821484-866A-4EC3-BECB-F52A547A148B}
	EndGlobalSection
EndGlobal
